PODS:
  - Nuke (9.1.3)
  - RxCocoa (5.1.1):
    - RxRelay (~> 5)
    - RxSwift (~> 5)
  - RxRelay (5.1.1):
    - RxSwift (~> 5)
  - RxSwift (5.1.1)

DEPENDENCIES:
  - Nuke
  - RxCocoa
  - RxSwift

SPEC REPOS:
  trunk:
    - Nuke
    - RxCocoa
    - RxRelay
    - RxSwift

SPEC CHECKSUMS:
  Nuke: ee78dff29ad68cfd70a292a7960952f72cc6af6a
  RxCocoa: 32065309a38d29b5b0db858819b5bf9ef038b601
  RxRelay: d77f7d771495f43c556cbc43eebd1bb54d01e8e9
  RxSwift: 81470a2074fa8780320ea5fe4102807cb7118178

PODFILE CHECKSUM: 532f23558c60487e89e68efba7efd8dc4af9ba1a

COCOAPODS: 1.10.0
